
Microsoft Visual Studio Solution File, Format Version 12.00
# Visual Studio Version 17
VisualStudioVersion = 17.2.32616.157
MinimumVisualStudioVersion = 10.0.40219.1
Project("{FAE04EC0-301F-11D3-BF4B-00C04F79EFBC}") = "Excercise1", "Excercise1\Excercise1.csproj", "{7EC1B22A-D3FD-4CB1-BA42-3D5974FC3BCF}"
EndProject
Project("{2150E333-8FDC-42A3-9474-1A3956D46DE8}") = "Элементы решения", "Элементы решения", "{EC82705B-DA0A-4A35-B43B-3224FF4F8920}"
	ProjectSection(SolutionItems) = preProject
		.gitignore = .gitignore
		README.md = README.md
	EndProjectSection
EndProject
Project("{FAE04EC0-301F-11D3-BF4B-00C04F79EFBC}") = "Excercise2", "Excercise2\Excercise2.csproj", "{AF93FD67-39D0-49AF-9E6A-DCEB464C56E6}"
EndProject
Global
	GlobalSection(SolutionConfigurationPlatforms) = preSolution
		Debug|Any CPU = Debug|Any CPU
		Release|Any CPU = Release|Any CPU
	EndGlobalSection
	GlobalSection(ProjectConfigurationPlatforms) = postSolution
		{7EC1B22A-D3FD-4CB1-BA42-3D5974FC3BCF}.Debug|Any CPU.ActiveCfg = Debug|Any CPU
		{7EC1B22A-D3FD-4CB1-BA42-3D5974FC3BCF}.Debug|Any CPU.Build.0 = Debug|Any CPU
		{7EC1B22A-D3FD-4CB1-BA42-3D5974FC3BCF}.Release|Any CPU.ActiveCfg = Release|Any CPU
		{7EC1B22A-D3FD-4CB1-BA42-3D5974FC3BCF}.Release|Any CPU.Build.0 = Release|Any CPU
		{AF93FD67-39D0-49AF-9E6A-DCEB464C56E6}.Debug|Any CPU.ActiveCfg = Debug|Any CPU
		{AF93FD67-39D0-49AF-9E6A-DCEB464C56E6}.Debug|Any CPU.Build.0 = Debug|Any CPU
		{AF93FD67-39D0-49AF-9E6A-DCEB464C56E6}.Release|Any CPU.ActiveCfg = Release|Any CPU
		{AF93FD67-39D0-49AF-9E6A-DCEB464C56E6}.Release|Any CPU.Build.0 = Release|Any CPU
	EndGlobalSection
	GlobalSection(SolutionProperties) = preSolution
		HideSolutionNode = FALSE
	EndGlobalSection
	GlobalSection(ExtensibilityGlobals) = postSolution
		SolutionGuid = {CE37E7EF-2801-41F7-AF41-7B9B8D07A2D7}
	EndGlobalSection
EndGlobal
